
Microsoft Visual Studio Solution File, Format Version 12.00
# Visual Studio 15
VisualStudioVersion = 15.0.25807.0
MinimumVisualStudioVersion = 10.0.40219.1
Project("{2150E333-8FDC-42A3-9474-1A3956D46DE8}") = "Engine", "Engine", "{20000116-9B1D-4328-BCD3-BEFEC6BBCB7E}"
EndProject
Project("{2150E333-8FDC-42A3-9474-1A3956D46DE8}") = "Games", "Games", "{25B47EE0-4CE8-4CD0-AC7C-218686D07BF3}"
EndProject
Project("{8BC9CEB8-8B4A-11D0-8D11-00A0C91BC942}") = "BiliCode", "Intermediate\ProjectFiles\BiliCode.vcxproj", "{01907298-5E14-426A-87E6-41B2EF563EB8}"
EndProject
Project("{8BC9CEB8-8B4A-11D0-8D11-00A0C91BC942}") = "UE4", "Intermediate\ProjectFiles\UE4.vcxproj", "{C273A47D-D359-4CD2-A916-95475BD0216E}"
EndProject
Project("{2150E333-8FDC-42A3-9474-1A3956D46DE8}") = "Visualizers", "Visualizers", "{2B7F73E0-03FF-4E4A-BA9C-8984C887699D}"
	ProjectSection(SolutionItems) = preProject
		..\..\UE_4.21\Engine\Extras\VisualStudioDebugging\UE4.natvis = ..\..\UE_4.21\Engine\Extras\VisualStudioDebugging\UE4.natvis
	EndProjectSection
EndProject
Global
	GlobalSection(SolutionConfigurationPlatforms) = preSolution
		DebugGame Editor|HTML5 = DebugGame Editor|HTML5
		DebugGame Editor|Win32 = DebugGame Editor|Win32
		DebugGame Editor|Win64 = DebugGame Editor|Win64
		DebugGame|HTML5 = DebugGame|HTML5
		DebugGame|Win32 = DebugGame|Win32
		DebugGame|Win64 = DebugGame|Win64
		Development Editor|HTML5 = Development Editor|HTML5
		Development Editor|Win32 = Development Editor|Win32
		Development Editor|Win64 = Development Editor|Win64
		Development|HTML5 = Development|HTML5
		Development|Win32 = Development|Win32
		Development|Win64 = Development|Win64
		Shipping|HTML5 = Shipping|HTML5
		Shipping|Win32 = Shipping|Win32
		Shipping|Win64 = Shipping|Win64
	EndGlobalSection
	GlobalSection(ProjectConfigurationPlatforms) = postSolution
		{01907298-5E14-426A-87E6-41B2EF563EB8}.DebugGame Editor|HTML5.ActiveCfg = Invalid|Win32
		{01907298-5E14-426A-87E6-41B2EF563EB8}.DebugGame Editor|Win32.ActiveCfg = Invalid|Win32
		{01907298-5E14-426A-87E6-41B2EF563EB8}.DebugGame Editor|Win64.ActiveCfg = DebugGame_Editor|x64
		{01907298-5E14-426A-87E6-41B2EF563EB8}.DebugGame Editor|Win64.Build.0 = DebugGame_Editor|x64
		{01907298-5E14-426A-87E6-41B2EF563EB8}.DebugGame|HTML5.ActiveCfg = HTML5_DebugGame|Win32
		{01907298-5E14-426A-87E6-41B2EF563EB8}.DebugGame|HTML5.Build.0 = HTML5_DebugGame|Win32
		{01907298-5E14-426A-87E6-41B2EF563EB8}.DebugGame|Win32.ActiveCfg = DebugGame|Win32
		{01907298-5E14-426A-87E6-41B2EF563EB8}.DebugGame|Win32.Build.0 = DebugGame|Win32
		{01907298-5E14-426A-87E6-41B2EF563EB8}.DebugGame|Win64.ActiveCfg = DebugGame|x64
		{01907298-5E14-426A-87E6-41B2EF563EB8}.DebugGame|Win64.Build.0 = DebugGame|x64
		{01907298-5E14-426A-87E6-41B2EF563EB8}.Development Editor|HTML5.ActiveCfg = Invalid|Win32
		{01907298-5E14-426A-87E6-41B2EF563EB8}.Development Editor|Win32.ActiveCfg = Invalid|Win32
		{01907298-5E14-426A-87E6-41B2EF563EB8}.Development Editor|Win64.ActiveCfg = Development_Editor|x64
		{01907298-5E14-426A-87E6-41B2EF563EB8}.Development Editor|Win64.Build.0 = Development_Editor|x64
		{01907298-5E14-426A-87E6-41B2EF563EB8}.Development|HTML5.ActiveCfg = HTML5_Development|Win32
		{01907298-5E14-426A-87E6-41B2EF563EB8}.Development|HTML5.Build.0 = HTML5_Development|Win32
		{01907298-5E14-426A-87E6-41B2EF563EB8}.Development|Win32.ActiveCfg = Development|Win32
		{01907298-5E14-426A-87E6-41B2EF563EB8}.Development|Win32.Build.0 = Development|Win32
		{01907298-5E14-426A-87E6-41B2EF563EB8}.Development|Win64.ActiveCfg = Development|x64
		{01907298-5E14-426A-87E6-41B2EF563EB8}.Development|Win64.Build.0 = Development|x64
		{01907298-5E14-426A-87E6-41B2EF563EB8}.Shipping|HTML5.ActiveCfg = HTML5_Shipping|Win32
		{01907298-5E14-426A-87E6-41B2EF563EB8}.Shipping|HTML5.Build.0 = HTML5_Shipping|Win32
		{01907298-5E14-426A-87E6-41B2EF563EB8}.Shipping|Win32.ActiveCfg = Shipping|Win32
		{01907298-5E14-426A-87E6-41B2EF563EB8}.Shipping|Win32.Build.0 = Shipping|Win32
		{01907298-5E14-426A-87E6-41B2EF563EB8}.Shipping|Win64.ActiveCfg = Shipping|x64
		{01907298-5E14-426A-87E6-41B2EF563EB8}.Shipping|Win64.Build.0 = Shipping|x64
		{C273A47D-D359-4CD2-A916-95475BD0216E}.DebugGame Editor|HTML5.ActiveCfg = BuiltWithUnrealBuildTool|Win32
		{C273A47D-D359-4CD2-A916-95475BD0216E}.DebugGame Editor|Win32.ActiveCfg = BuiltWithUnrealBuildTool|Win32
		{C273A47D-D359-4CD2-A916-95475BD0216E}.DebugGame Editor|Win64.ActiveCfg = BuiltWithUnrealBuildTool|Win32
		{C273A47D-D359-4CD2-A916-95475BD0216E}.DebugGame|HTML5.ActiveCfg = BuiltWithUnrealBuildTool|Win32
		{C273A47D-D359-4CD2-A916-95475BD0216E}.DebugGame|Win32.ActiveCfg = BuiltWithUnrealBuildTool|Win32
		{C273A47D-D359-4CD2-A916-95475BD0216E}.DebugGame|Win64.ActiveCfg = BuiltWithUnrealBuildTool|Win32
		{C273A47D-D359-4CD2-A916-95475BD0216E}.Development Editor|HTML5.ActiveCfg = BuiltWithUnrealBuildTool|Win32
		{C273A47D-D359-4CD2-A916-95475BD0216E}.Development Editor|Win32.ActiveCfg = BuiltWithUnrealBuildTool|Win32
		{C273A47D-D359-4CD2-A916-95475BD0216E}.Development Editor|Win64.ActiveCfg = BuiltWithUnrealBuildTool|Win32
		{C273A47D-D359-4CD2-A916-95475BD0216E}.Development|HTML5.ActiveCfg = BuiltWithUnrealBuildTool|Win32
		{C273A47D-D359-4CD2-A916-95475BD0216E}.Development|Win32.ActiveCfg = BuiltWithUnrealBuildTool|Win32
		{C273A47D-D359-4CD2-A916-95475BD0216E}.Development|Win64.ActiveCfg = BuiltWithUnrealBuildTool|Win32
		{C273A47D-D359-4CD2-A916-95475BD0216E}.Shipping|HTML5.ActiveCfg = BuiltWithUnrealBuildTool|Win32
		{C273A47D-D359-4CD2-A916-95475BD0216E}.Shipping|Win32.ActiveCfg = BuiltWithUnrealBuildTool|Win32
		{C273A47D-D359-4CD2-A916-95475BD0216E}.Shipping|Win64.ActiveCfg = BuiltWithUnrealBuildTool|Win32
	EndGlobalSection
	GlobalSection(SolutionProperties) = preSolution
		HideSolutionNode = FALSE
	EndGlobalSection
	GlobalSection(NestedProjects) = preSolution
		{C273A47D-D359-4CD2-A916-95475BD0216E} = {20000116-9B1D-4328-BCD3-BEFEC6BBCB7E}
		{01907298-5E14-426A-87E6-41B2EF563EB8} = {25B47EE0-4CE8-4CD0-AC7C-218686D07BF3}
	EndGlobalSection
EndGlobal
