
Microsoft Visual Studio Solution File, Format Version 12.00
# Visual Studio 15
VisualStudioVersion = 15.0.25807.0
MinimumVisualStudioVersion = 10.0.40219.1
Project("{2150E333-8FDC-42A3-9474-1A3956D46DE8}") = "Engine", "Engine", "{01C8D002-12E6-4EA0-830D-BCC6A6FC9EA7}"
EndProject
Project("{2150E333-8FDC-42A3-9474-1A3956D46DE8}") = "Games", "Games", "{F9E89A6C-59B5-4828-8AE9-A20EE86FD723}"
EndProject
Project("{8BC9CEB8-8B4A-11D0-8D11-00A0C91BC942}") = "BiliCode", "Intermediate\ProjectFiles\BiliCode.vcxproj", "{57B019BE-75E9-4523-9DF4-050A53AAEBDC}"
EndProject
Project("{8BC9CEB8-8B4A-11D0-8D11-00A0C91BC942}") = "UE4", "Intermediate\ProjectFiles\UE4.vcxproj", "{D972C851-99AA-4E5C-8893-C036FBCCAA4C}"
EndProject
Project("{2150E333-8FDC-42A3-9474-1A3956D46DE8}") = "Visualizers", "Visualizers", "{E070E081-C56A-4CC1-8ECB-E4FEA65AF271}"
	ProjectSection(SolutionItems) = preProject
		..\..\UE_4.21\Engine\Extras\VisualStudioDebugging\UE4.natvis = ..\..\UE_4.21\Engine\Extras\VisualStudioDebugging\UE4.natvis
	EndProjectSection
EndProject
Global
	GlobalSection(SolutionConfigurationPlatforms) = preSolution
		DebugGame Editor|HTML5 = DebugGame Editor|HTML5
		DebugGame Editor|IOS = DebugGame Editor|IOS
		DebugGame Editor|Win32 = DebugGame Editor|Win32
		DebugGame Editor|Win64 = DebugGame Editor|Win64
		DebugGame|HTML5 = DebugGame|HTML5
		DebugGame|IOS = DebugGame|IOS
		DebugGame|Win32 = DebugGame|Win32
		DebugGame|Win64 = DebugGame|Win64
		Development Editor|HTML5 = Development Editor|HTML5
		Development Editor|IOS = Development Editor|IOS
		Development Editor|Win32 = Development Editor|Win32
		Development Editor|Win64 = Development Editor|Win64
		Development|HTML5 = Development|HTML5
		Development|IOS = Development|IOS
		Development|Win32 = Development|Win32
		Development|Win64 = Development|Win64
		Shipping|HTML5 = Shipping|HTML5
		Shipping|IOS = Shipping|IOS
		Shipping|Win32 = Shipping|Win32
		Shipping|Win64 = Shipping|Win64
	EndGlobalSection
	GlobalSection(ProjectConfigurationPlatforms) = postSolution
		{57B019BE-75E9-4523-9DF4-050A53AAEBDC}.DebugGame Editor|HTML5.ActiveCfg = Invalid|Win32
		{57B019BE-75E9-4523-9DF4-050A53AAEBDC}.DebugGame Editor|IOS.ActiveCfg = Invalid|Win32
		{57B019BE-75E9-4523-9DF4-050A53AAEBDC}.DebugGame Editor|Win32.ActiveCfg = Invalid|Win32
		{57B019BE-75E9-4523-9DF4-050A53AAEBDC}.DebugGame Editor|Win64.ActiveCfg = DebugGame_Editor|x64
		{57B019BE-75E9-4523-9DF4-050A53AAEBDC}.DebugGame Editor|Win64.Build.0 = DebugGame_Editor|x64
		{57B019BE-75E9-4523-9DF4-050A53AAEBDC}.DebugGame|HTML5.ActiveCfg = HTML5_DebugGame|Win32
		{57B019BE-75E9-4523-9DF4-050A53AAEBDC}.DebugGame|HTML5.Build.0 = HTML5_DebugGame|Win32
		{57B019BE-75E9-4523-9DF4-050A53AAEBDC}.DebugGame|IOS.ActiveCfg = IOS_DebugGame|Win32
		{57B019BE-75E9-4523-9DF4-050A53AAEBDC}.DebugGame|IOS.Build.0 = IOS_DebugGame|Win32
		{57B019BE-75E9-4523-9DF4-050A53AAEBDC}.DebugGame|Win32.ActiveCfg = DebugGame|Win32
		{57B019BE-75E9-4523-9DF4-050A53AAEBDC}.DebugGame|Win32.Build.0 = DebugGame|Win32
		{57B019BE-75E9-4523-9DF4-050A53AAEBDC}.DebugGame|Win64.ActiveCfg = DebugGame|x64
		{57B019BE-75E9-4523-9DF4-050A53AAEBDC}.DebugGame|Win64.Build.0 = DebugGame|x64
		{57B019BE-75E9-4523-9DF4-050A53AAEBDC}.Development Editor|HTML5.ActiveCfg = Invalid|Win32
		{57B019BE-75E9-4523-9DF4-050A53AAEBDC}.Development Editor|IOS.ActiveCfg = Invalid|Win32
		{57B019BE-75E9-4523-9DF4-050A53AAEBDC}.Development Editor|Win32.ActiveCfg = Invalid|Win32
		{57B019BE-75E9-4523-9DF4-050A53AAEBDC}.Development Editor|Win64.ActiveCfg = Development_Editor|x64
		{57B019BE-75E9-4523-9DF4-050A53AAEBDC}.Development Editor|Win64.Build.0 = Development_Editor|x64
		{57B019BE-75E9-4523-9DF4-050A53AAEBDC}.Development|HTML5.ActiveCfg = HTML5_Development|Win32
		{57B019BE-75E9-4523-9DF4-050A53AAEBDC}.Development|HTML5.Build.0 = HTML5_Development|Win32
		{57B019BE-75E9-4523-9DF4-050A53AAEBDC}.Development|IOS.ActiveCfg = IOS_Development|Win32
		{57B019BE-75E9-4523-9DF4-050A53AAEBDC}.Development|IOS.Build.0 = IOS_Development|Win32
		{57B019BE-75E9-4523-9DF4-050A53AAEBDC}.Development|Win32.ActiveCfg = Development|Win32
		{57B019BE-75E9-4523-9DF4-050A53AAEBDC}.Development|Win32.Build.0 = Development|Win32
		{57B019BE-75E9-4523-9DF4-050A53AAEBDC}.Development|Win64.ActiveCfg = Development|x64
		{57B019BE-75E9-4523-9DF4-050A53AAEBDC}.Development|Win64.Build.0 = Development|x64
		{57B019BE-75E9-4523-9DF4-050A53AAEBDC}.Shipping|HTML5.ActiveCfg = HTML5_Shipping|Win32
		{57B019BE-75E9-4523-9DF4-050A53AAEBDC}.Shipping|HTML5.Build.0 = HTML5_Shipping|Win32
		{57B019BE-75E9-4523-9DF4-050A53AAEBDC}.Shipping|IOS.ActiveCfg = IOS_Shipping|Win32
		{57B019BE-75E9-4523-9DF4-050A53AAEBDC}.Shipping|IOS.Build.0 = IOS_Shipping|Win32
		{57B019BE-75E9-4523-9DF4-050A53AAEBDC}.Shipping|Win32.ActiveCfg = Shipping|Win32
		{57B019BE-75E9-4523-9DF4-050A53AAEBDC}.Shipping|Win32.Build.0 = Shipping|Win32
		{57B019BE-75E9-4523-9DF4-050A53AAEBDC}.Shipping|Win64.ActiveCfg = Shipping|x64
		{57B019BE-75E9-4523-9DF4-050A53AAEBDC}.Shipping|Win64.Build.0 = Shipping|x64
		{D972C851-99AA-4E5C-8893-C036FBCCAA4C}.DebugGame Editor|HTML5.ActiveCfg = BuiltWithUnrealBuildTool|Win32
		{D972C851-99AA-4E5C-8893-C036FBCCAA4C}.DebugGame Editor|IOS.ActiveCfg = BuiltWithUnrealBuildTool|Win32
		{D972C851-99AA-4E5C-8893-C036FBCCAA4C}.DebugGame Editor|Win32.ActiveCfg = BuiltWithUnrealBuildTool|Win32
		{D972C851-99AA-4E5C-8893-C036FBCCAA4C}.DebugGame Editor|Win64.ActiveCfg = BuiltWithUnrealBuildTool|Win32
		{D972C851-99AA-4E5C-8893-C036FBCCAA4C}.DebugGame|HTML5.ActiveCfg = BuiltWithUnrealBuildTool|Win32
		{D972C851-99AA-4E5C-8893-C036FBCCAA4C}.DebugGame|IOS.ActiveCfg = BuiltWithUnrealBuildTool|Win32
		{D972C851-99AA-4E5C-8893-C036FBCCAA4C}.DebugGame|Win32.ActiveCfg = BuiltWithUnrealBuildTool|Win32
		{D972C851-99AA-4E5C-8893-C036FBCCAA4C}.DebugGame|Win64.ActiveCfg = BuiltWithUnrealBuildTool|Win32
		{D972C851-99AA-4E5C-8893-C036FBCCAA4C}.Development Editor|HTML5.ActiveCfg = BuiltWithUnrealBuildTool|Win32
		{D972C851-99AA-4E5C-8893-C036FBCCAA4C}.Development Editor|IOS.ActiveCfg = BuiltWithUnrealBuildTool|Win32
		{D972C851-99AA-4E5C-8893-C036FBCCAA4C}.Development Editor|Win32.ActiveCfg = BuiltWithUnrealBuildTool|Win32
		{D972C851-99AA-4E5C-8893-C036FBCCAA4C}.Development Editor|Win64.ActiveCfg = BuiltWithUnrealBuildTool|Win32
		{D972C851-99AA-4E5C-8893-C036FBCCAA4C}.Development|HTML5.ActiveCfg = BuiltWithUnrealBuildTool|Win32
		{D972C851-99AA-4E5C-8893-C036FBCCAA4C}.Development|IOS.ActiveCfg = BuiltWithUnrealBuildTool|Win32
		{D972C851-99AA-4E5C-8893-C036FBCCAA4C}.Development|Win32.ActiveCfg = BuiltWithUnrealBuildTool|Win32
		{D972C851-99AA-4E5C-8893-C036FBCCAA4C}.Development|Win64.ActiveCfg = BuiltWithUnrealBuildTool|Win32
		{D972C851-99AA-4E5C-8893-C036FBCCAA4C}.Shipping|HTML5.ActiveCfg = BuiltWithUnrealBuildTool|Win32
		{D972C851-99AA-4E5C-8893-C036FBCCAA4C}.Shipping|IOS.ActiveCfg = BuiltWithUnrealBuildTool|Win32
		{D972C851-99AA-4E5C-8893-C036FBCCAA4C}.Shipping|Win32.ActiveCfg = BuiltWithUnrealBuildTool|Win32
		{D972C851-99AA-4E5C-8893-C036FBCCAA4C}.Shipping|Win64.ActiveCfg = BuiltWithUnrealBuildTool|Win32
	EndGlobalSection
	GlobalSection(SolutionProperties) = preSolution
		HideSolutionNode = FALSE
	EndGlobalSection
	GlobalSection(NestedProjects) = preSolution
		{D972C851-99AA-4E5C-8893-C036FBCCAA4C} = {01C8D002-12E6-4EA0-830D-BCC6A6FC9EA7}
		{57B019BE-75E9-4523-9DF4-050A53AAEBDC} = {F9E89A6C-59B5-4828-8AE9-A20EE86FD723}
	EndGlobalSection
EndGlobal
